
Microsoft Visual Studio Solution File, Format Version 12.00
# Visual Studio Version 17
VisualStudioVersion = 17.12.35527.113 d17.12
MinimumVisualStudioVersion = 10.0.40219.1
Project("{FAE04EC0-301F-11D3-BF4B-00C04F79EFBC}") = "UserServiceV2", "UserServiceV2\UserServiceV2.csproj", "{B397A4B7-7710-4614-A19A-A695049A1458}"
EndProject
Global
	GlobalSection(SolutionConfigurationPlatforms) = preSolution
		Debug|Any CPU = Debug|Any CPU
		Release|Any CPU = Release|Any CPU
	EndGlobalSection
	GlobalSection(ProjectConfigurationPlatforms) = postSolution
		{B397A4B7-7710-4614-A19A-A695049A1458}.Debug|Any CPU.ActiveCfg = Debug|Any CPU
		{B397A4B7-7710-4614-A19A-A695049A1458}.Debug|Any CPU.Build.0 = Debug|Any CPU
		{B397A4B7-7710-4614-A19A-A695049A1458}.Release|Any CPU.ActiveCfg = Release|Any CPU
		{B397A4B7-7710-4614-A19A-A695049A1458}.Release|Any CPU.Build.0 = Release|Any CPU
	EndGlobalSection
	GlobalSection(SolutionProperties) = preSolution
		HideSolutionNode = FALSE
	EndGlobalSection
EndGlobal
